
Microsoft Visual Studio Solution File, Format Version 12.00
Project("{FAE04EC0-301F-11D3-BF4B-00C04F79EFBC}") = "ModsenTestEvent.Web", "ModsenTestEvent.Web\ModsenTestEvent.Web.csproj", "{8F6EA129-711D-43D6-8670-2E232676630E}"
EndProject
Project("{2150E333-8FDC-42A3-9474-1A3956D46DE8}") = "Solution Items", "Solution Items", "{17434004-A4CD-45F8-9561-DC44ADCFE215}"
	ProjectSection(SolutionItems) = preProject
		docker-compose.yml = docker-compose.yml
	EndProjectSection
EndProject
Project("{FAE04EC0-301F-11D3-BF4B-00C04F79EFBC}") = "ModsenTestEvent.Domain", "ModsenTestEvent.Domain\ModsenTestEvent.Domain.csproj", "{DFF4BAAC-FE2D-493D-B68E-43B289349855}"
EndProject
Project("{FAE04EC0-301F-11D3-BF4B-00C04F79EFBC}") = "ModsenTestEvent.Infrastructure", "ModsenTestEvent.Infrastructure\ModsenTestEvent.Infrastructure.csproj", "{F2D8159C-BA94-49FF-BC5D-D4A1F2F440ED}"
EndProject
Project("{FAE04EC0-301F-11D3-BF4B-00C04F79EFBC}") = "ModsenTestEvent.Application", "ModsenTestEvent.Application\ModsenTestEvent.Application.csproj", "{9852CFC2-495A-426E-A01D-13FDEA7BFB3C}"
EndProject
Project("{FAE04EC0-301F-11D3-BF4B-00C04F79EFBC}") = "ModsenTestEvent.Test", "ModsenTestEvent.Test\ModsenTestEvent.Test.csproj", "{624829A9-A799-44DE-9089-F1DFC1E7CA48}"
EndProject
Global
	GlobalSection(SolutionConfigurationPlatforms) = preSolution
		Debug|Any CPU = Debug|Any CPU
		Release|Any CPU = Release|Any CPU
	EndGlobalSection
	GlobalSection(ProjectConfigurationPlatforms) = postSolution
		{8F6EA129-711D-43D6-8670-2E232676630E}.Debug|Any CPU.ActiveCfg = Debug|Any CPU
		{8F6EA129-711D-43D6-8670-2E232676630E}.Debug|Any CPU.Build.0 = Debug|Any CPU
		{8F6EA129-711D-43D6-8670-2E232676630E}.Release|Any CPU.ActiveCfg = Release|Any CPU
		{8F6EA129-711D-43D6-8670-2E232676630E}.Release|Any CPU.Build.0 = Release|Any CPU
		{DFF4BAAC-FE2D-493D-B68E-43B289349855}.Debug|Any CPU.ActiveCfg = Debug|Any CPU
		{DFF4BAAC-FE2D-493D-B68E-43B289349855}.Debug|Any CPU.Build.0 = Debug|Any CPU
		{DFF4BAAC-FE2D-493D-B68E-43B289349855}.Release|Any CPU.ActiveCfg = Release|Any CPU
		{DFF4BAAC-FE2D-493D-B68E-43B289349855}.Release|Any CPU.Build.0 = Release|Any CPU
		{F2D8159C-BA94-49FF-BC5D-D4A1F2F440ED}.Debug|Any CPU.ActiveCfg = Debug|Any CPU
		{F2D8159C-BA94-49FF-BC5D-D4A1F2F440ED}.Debug|Any CPU.Build.0 = Debug|Any CPU
		{F2D8159C-BA94-49FF-BC5D-D4A1F2F440ED}.Release|Any CPU.ActiveCfg = Release|Any CPU
		{F2D8159C-BA94-49FF-BC5D-D4A1F2F440ED}.Release|Any CPU.Build.0 = Release|Any CPU
		{9852CFC2-495A-426E-A01D-13FDEA7BFB3C}.Debug|Any CPU.ActiveCfg = Debug|Any CPU
		{9852CFC2-495A-426E-A01D-13FDEA7BFB3C}.Debug|Any CPU.Build.0 = Debug|Any CPU
		{9852CFC2-495A-426E-A01D-13FDEA7BFB3C}.Release|Any CPU.ActiveCfg = Release|Any CPU
		{9852CFC2-495A-426E-A01D-13FDEA7BFB3C}.Release|Any CPU.Build.0 = Release|Any CPU
		{624829A9-A799-44DE-9089-F1DFC1E7CA48}.Debug|Any CPU.ActiveCfg = Debug|Any CPU
		{624829A9-A799-44DE-9089-F1DFC1E7CA48}.Debug|Any CPU.Build.0 = Debug|Any CPU
		{624829A9-A799-44DE-9089-F1DFC1E7CA48}.Release|Any CPU.ActiveCfg = Release|Any CPU
		{624829A9-A799-44DE-9089-F1DFC1E7CA48}.Release|Any CPU.Build.0 = Release|Any CPU
	EndGlobalSection
EndGlobal
